{
  "pins" : [
    {
      "identity" : "libwebp-xcode",
      "kind" : "remoteSourceControl",
      "location" : "https://github.com/SDWebImage/libwebp-Xcode",
      "state" : {
        "revision" : "0f3bdb28a1edc5e8e43876d3835d20c601ef331f",
        "version" : "1.2.3"
      }
    }
  ],
  "version" : 2
}
